// !$*UTF8*$!
{
	archiveVersion = 1;
	classes = {
	};
	objectVersion = 46;
	objects = {

/* Begin PBXBuildFile section */
		8D6939E9195A018A00A8D080 /* AppDelegate.swift in Sources */ = {isa = PBXBuildFile; fileRef = 8D6939E8195A018A00A8D080 /* AppDelegate.swift */; };
		8D6939EB195A018A00A8D080 /* ViewController.swift in Sources */ = {isa = PBXBuildFile; fileRef = 8D6939EA195A018A00A8D080 /* ViewController.swift */; };
		8D6939EE195A018A00A8D080 /* Main.storyboard in Resources */ = {isa = PBXBuildFile; fileRef = 8D6939EC195A018A00A8D080 /* Main.storyboard */; };
		8D6939F0195A018A00A8D080 /* Images.xcassets in Resources */ = {isa = PBXBuildFile; fileRef = 8D6939EF195A018A00A8D080 /* Images.xcassets */; };
		8D6939FC195A018A00A8D080 /* DTZoomableView_SampleTests.swift in Sources */ = {isa = PBXBuildFile; fileRef = 8D6939FB195A018A00A8D080 /* DTZoomableView_SampleTests.swift */; };
		8D693A08195A01F000A8D080 /* DTZoomableView.swift in Sources */ = {isa = PBXBuildFile; fileRef = 8D693A07195A01F000A8D080 /* DTZoomableView.swift */; };
/* End PBXBuildFile section */

/* Begin PBXContainerItemProxy section */
		8D6939F6195A018A00A8D080 /* PBXContainerItemProxy */ = {
			isa = PBXContainerItemProxy;
			containerPortal = 8D6939DB195A018A00A8D080 /* Project object */;
			proxyType = 1;
			remoteGlobalIDString = 8D6939E2195A018A00A8D080;
			remoteInfo = "DTZoomableView Sample";
		};
/* End PBXContainerItemProxy section */

/* Begin PBXFileReference section */
		8D6939E3195A018A00A8D080 /* DTZoomableView Sample.app */ = {isa = PBXFileReference; explicitFileType = wrapper.application; includeInIndex = 0; path = "DTZoomableView Sample.app"; sourceTree = BUILT_PRODUCTS_DIR; };
		8D6939E7195A018A00A8D080 /* Info.plist */ = {isa = PBXFileReference; lastKnownFileType = text.plist.xml; path = Info.plist; sourceTree = "<group>"; };
		8D6939E8195A018A00A8D080 /* AppDelegate.swift */ = {isa = PBXFileReference; lastKnownFileType = sourcecode.swift; path = AppDelegate.swift; sourceTree = "<group>"; };
		8D6939EA195A018A00A8D080 /* ViewController.swift */ = {isa = PBXFileReference; lastKnownFileType = sourcecode.swift; path = ViewController.swift; sourceTree = "<group>"; };
		8D6939ED195A018A00A8D080 /* Base */ = {isa = PBXFileReference; lastKnownFileType = file.storyboard; name = Base; path = Base.lproj/Main.storyboard; sourceTree = "<group>"; };
		8D6939EF195A018A00A8D080 /* Images.xcassets */ = {isa = PBXFileReference; lastKnownFileType = folder.assetcatalog; path = Images.xcassets; sourceTree = "<group>"; };
		8D6939F5195A018A00A8D080 /* DTZoomableView SampleTests.xctest */ = {isa = PBXFileReference; explicitFileType = wrapper.cfbundle; includeInIndex = 0; path = "DTZoomableView SampleTests.xctest"; sourceTree = BUILT_PRODUCTS_DIR; };
		8D6939FA195A018A00A8D080 /* Info.plist */ = {isa = PBXFileReference; lastKnownFileType = text.plist.xml; path = Info.plist; sourceTree = "<group>"; };
		8D6939FB195A018A00A8D080 /* DTZoomableView_SampleTests.swift */ = {isa = PBXFileReference; lastKnownFileType = sourcecode.swift; path = DTZoomableView_SampleTests.swift; sourceTree = "<group>"; };
		8D693A07195A01F000A8D080 /* DTZoomableView.swift */ = {isa = PBXFileReference; fileEncoding = 4; lastKnownFileType = sourcecode.swift; path = DTZoomableView.swift; sourceTree = "<group>"; };
/* End PBXFileReference section */

/* Begin PBXFrameworksBuildPhase section */
		8D6939E0195A018A00A8D080 /* Frameworks */ = {
			isa = PBXFrameworksBuildPhase;
			buildActionMask = 2147483647;
			files = (
			);
			runOnlyForDeploymentPostprocessing = 0;
		};
		8D6939F2195A018A00A8D080 /* Frameworks */ = {
			isa = PBXFrameworksBuildPhase;
			buildActionMask = 2147483647;
			files = (
			);
			runOnlyForDeploymentPostprocessing = 0;
		};
/* End PBXFrameworksBuildPhase section */

/* Begin PBXGroup section */
		8D6939DA195A018A00A8D080 = {
			isa = PBXGroup;
			children = (
				8D6939E5195A018A00A8D080 /* DTZoomableView Sample */,
				8D6939F8195A018A00A8D080 /* DTZoomableView SampleTests */,
				8D6939E4195A018A00A8D080 /* Products */,
			);
			sourceTree = "<group>";
		};
		8D6939E4195A018A00A8D080 /* Products */ = {
			isa = PBXGroup;
			children = (
				8D6939E3195A018A00A8D080 /* DTZoomableView Sample.app */,
				8D6939F5195A018A00A8D080 /* DTZoomableView SampleTests.xctest */,
			);
			name = Products;
			sourceTree = "<group>";
		};
		8D6939E5195A018A00A8D080 /* DTZoomableView Sample */ = {
			isa = PBXGroup;
			children = (
				8D693A06195A01D200A8D080 /* DTZoomableView */,
				8D6939E8195A018A00A8D080 /* AppDelegate.swift */,
				8D6939EA195A018A00A8D080 /* ViewController.swift */,
				8D6939EC195A018A00A8D080 /* Main.storyboard */,
				8D6939EF195A018A00A8D080 /* Images.xcassets */,
				8D6939E6195A018A00A8D080 /* Supporting Files */,
			);
			path = "DTZoomableView Sample";
			sourceTree = "<group>";
		};
		8D6939E6195A018A00A8D080 /* Supporting Files */ = {
			isa = PBXGroup;
			children = (
				8D6939E7195A018A00A8D080 /* Info.plist */,
			);
			name = "Supporting Files";
			sourceTree = "<group>";
		};
		8D6939F8195A018A00A8D080 /* DTZoomableView SampleTests */ = {
			isa = PBXGroup;
			children = (
				8D6939FB195A018A00A8D080 /* DTZoomableView_SampleTests.swift */,
				8D6939F9195A018A00A8D080 /* Supporting Files */,
			);
			path = "DTZoomableView SampleTests";
			sourceTree = "<group>";
		};
		8D6939F9195A018A00A8D080 /* Supporting Files */ = {
			isa = PBXGroup;
			children = (
				8D6939FA195A018A00A8D080 /* Info.plist */,
			);
			name = "Supporting Files";
			sourceTree = "<group>";
		};
		8D693A06195A01D200A8D080 /* DTZoomableView */ = {
			isa = PBXGroup;
			children = (
				8D693A07195A01F000A8D080 /* DTZoomableView.swift */,
			);
			path = DTZoomableView;
			sourceTree = SOURCE_ROOT;
		};
/* End PBXGroup section */

/* Begin PBXNativeTarget section */
		8D6939E2195A018A00A8D080 /* DTZoomableView Sample */ = {
			isa = PBXNativeTarget;
			buildConfigurationList = 8D6939FF195A018A00A8D080 /* Build configuration list for PBXNativeTarget "DTZoomableView Sample" */;
			buildPhases = (
				8D6939DF195A018A00A8D080 /* Sources */,
				8D6939E0195A018A00A8D080 /* Frameworks */,
				8D6939E1195A018A00A8D080 /* Resources */,
			);
			buildRules = (
			);
			dependencies = (
			);
			name = "DTZoomableView Sample";
			productName = "DTZoomableView Sample";
			productReference = 8D6939E3195A018A00A8D080 /* DTZoomableView Sample.app */;
			productType = "com.apple.product-type.application";
		};
		8D6939F4195A018A00A8D080 /* DTZoomableView SampleTests */ = {
			isa = PBXNativeTarget;
			buildConfigurationList = 8D693A02195A018A00A8D080 /* Build configuration list for PBXNativeTarget "DTZoomableView SampleTests" */;
			buildPhases = (
				8D6939F1195A018A00A8D080 /* Sources */,
				8D6939F2195A018A00A8D080 /* Frameworks */,
				8D6939F3195A018A00A8D080 /* Resources */,
			);
			buildRules = (
			);
			dependencies = (
				8D6939F7195A018A00A8D080 /* PBXTargetDependency */,
			);
			name = "DTZoomableView SampleTests";
			productName = "DTZoomableView SampleTests";
			productReference = 8D6939F5195A018A00A8D080 /* DTZoomableView SampleTests.xctest */;
			productType = "com.apple.product-type.bundle.unit-test";
		};
/* End PBXNativeTarget section */

/* Begin PBXProject section */
		8D6939DB195A018A00A8D080 /* Project object */ = {
			isa = PBXProject;
			attributes = {
				LastUpgradeCheck = 0600;
				ORGANIZATIONNAME = "DFG-Team";
				TargetAttributes = {
					8D6939E2195A018A00A8D080 = {
						CreatedOnToolsVersion = 6.0;
					};
					8D6939F4195A018A00A8D080 = {
						CreatedOnToolsVersion = 6.0;
						TestTargetID = 8D6939E2195A018A00A8D080;
					};
				};
			};
			buildConfigurationList = 8D6939DE195A018A00A8D080 /* Build configuration list for PBXProject "DTZoomableView Sample" */;
			compatibilityVersion = "Xcode 3.2";
			developmentRegion = English;
			hasScannedForEncodings = 0;
			knownRegions = (
				en,
				Base,
			);
			mainGroup = 8D6939DA195A018A00A8D080;
			productRefGroup = 8D6939E4195A018A00A8D080 /* Products */;
			projectDirPath = "";
			projectRoot = "";
			targets = (
				8D6939E2195A018A00A8D080 /* DTZoomableView Sample */,
				8D6939F4195A018A00A8D080 /* DTZoomableView SampleTests */,
			);
		};
/* End PBXProject section */

/* Begin PBXResourcesBuildPhase section */
		8D6939E1195A018A00A8D080 /* Resources */ = {
			isa = PBXResourcesBuildPhase;
			buildActionMask = 2147483647;
			files = (
				8D6939EE195A018A00A8D080 /* Main.storyboard in Resources */,
				8D6939F0195A018A00A8D080 /* Images.xcassets in Resources */,
			);
			runOnlyForDeploymentPostprocessing = 0;
		};
		8D6939F3195A018A00A8D080 /* Resources */ = {
			isa = PBXResourcesBuildPhase;
			buildActionMask = 2147483647;
			files = (
			);
			runOnlyForDeploymentPostprocessing = 0;
		};
/* End PBXResourcesBuildPhase section */

/* Begin PBXSourcesBuildPhase section */
		8D6939DF195A018A00A8D080 /* Sources */ = {
			isa = PBXSourcesBuildPhase;
			buildActionMask = 2147483647;
			files = (
				8D693A08195A01F000A8D080 /* DTZoomableView.swift in Sources */,
				8D6939EB195A018A00A8D080 /* ViewController.swift in Sources */,
				8D6939E9195A018A00A8D080 /* AppDelegate.swift in Sources */,
			);
			runOnlyForDeploymentPostprocessing = 0;
		};
		8D6939F1195A018A00A8D080 /* Sources */ = {
			isa = PBXSourcesBuildPhase;
			buildActionMask = 2147483647;
			files = (
				8D6939FC195A018A00A8D080 /* DTZoomableView_SampleTests.swift in Sources */,
			);
			runOnlyForDeploymentPostprocessing = 0;
		};
/* End PBXSourcesBuildPhase section */

/* Begin PBXTargetDependency section */
		8D6939F7195A018A00A8D080 /* PBXTargetDependency */ = {
			isa = PBXTargetDependency;
			target = 8D6939E2195A018A00A8D080 /* DTZoomableView Sample */;
			targetProxy = 8D6939F6195A018A00A8D080 /* PBXContainerItemProxy */;
		};
/* End PBXTargetDependency section */

/* Begin PBXVariantGroup section */
		8D6939EC195A018A00A8D080 /* Main.storyboard */ = {
			isa = PBXVariantGroup;
			children = (
				8D6939ED195A018A00A8D080 /* Base */,
			);
			name = Main.storyboard;
			sourceTree = "<group>";
		};
/* End PBXVariantGroup section */

/* Begin XCBuildConfiguration section */
		8D6939FD195A018A00A8D080 /* Debug */ = {
			isa = XCBuildConfiguration;
			buildSettings = {
				ALWAYS_SEARCH_USER_PATHS = NO;
				CLANG_CXX_LANGUAGE_STANDARD = "gnu++0x";
				CLANG_CXX_LIBRARY = "libc++";
				CLANG_ENABLE_MODULES = YES;
				CLANG_ENABLE_OBJC_ARC = YES;
				CLANG_WARN_BOOL_CONVERSION = YES;
				CLANG_WARN_CONSTANT_CONVERSION = YES;
				CLANG_WARN_DIRECT_OBJC_ISA_USAGE = YES_ERROR;
				CLANG_WARN_EMPTY_BODY = YES;
				CLANG_WARN_ENUM_CONVERSION = YES;
				CLANG_WARN_INT_CONVERSION = YES;
				CLANG_WARN_OBJC_ROOT_CLASS = YES_ERROR;
				CLANG_WARN_UNREACHABLE_CODE = YES;
				CLANG_WARN__DUPLICATE_METHOD_MATCH = YES;
				"CODE_SIGN_IDENTITY[sdk=iphoneos*]" = "iPhone Developer";
				COPY_PHASE_STRIP = NO;
				ENABLE_STRICT_OBJC_MSGSEND = YES;
				GCC_C_LANGUAGE_STANDARD = gnu99;
				GCC_DYNAMIC_NO_PIC = NO;
				GCC_OPTIMIZATION_LEVEL = 0;
				GCC_PREPROCESSOR_DEFINITIONS = (
					"DEBUG=1",
					"$(inherited)",
				);
				GCC_SYMBOLS_PRIVATE_EXTERN = NO;
				GCC_WARN_64_TO_32_BIT_CONVERSION = YES;
				GCC_WARN_ABOUT_RETURN_TYPE = YES_ERROR;
				GCC_WARN_UNDECLARED_SELECTOR = YES;
				GCC_WARN_UNINITIALIZED_AUTOS = YES_AGGRESSIVE;
				GCC_WARN_UNUSED_FUNCTION = YES;
				GCC_WARN_UNUSED_VARIABLE = YES;
				IPHONEOS_DEPLOYMENT_TARGET = 8.0;
				METAL_ENABLE_DEBUG_INFO = YES;
				ONLY_ACTIVE_ARCH = YES;
				SDKROOT = iphoneos;
				SWIFT_OPTIMIZATION_LEVEL = "-Onone";
				TARGETED_DEVICE_FAMILY = "1,2";
			};
			name = Debug;
		};
		8D6939FE195A018A00A8D080 /* Release */ = {
			isa = XCBuildConfiguration;
			buildSettings = {
				ALWAYS_SEARCH_USER_PATHS = NO;
				CLANG_CXX_LANGUAGE_STANDARD = "gnu++0x";
				CLANG_CXX_LIBRARY = "libc++";
				CLANG_ENABLE_MODULES = YES;
				CLANG_ENABLE_OBJC_ARC = YES;
				CLANG_WARN_BOOL_CONVERSION = YES;
				CLANG_WARN_CONSTANT_CONVERSION = YES;
				CLANG_WARN_DIRECT_OBJC_ISA_USAGE = YES_ERROR;
				CLANG_WARN_EMPTY_BODY = YES;
				CLANG_WARN_ENUM_CONVERSION = YES;
				CLANG_WARN_INT_CONVERSION = YES;
				CLANG_WARN_OBJC_ROOT_CLASS = YES_ERROR;
				CLANG_WARN_UNREACHABLE_CODE = YES;
				CLANG_WARN__DUPLICATE_METHOD_MATCH = YES;
				"CODE_SIGN_IDENTITY[sdk=iphoneos*]" = "iPhone Developer";
				COPY_PHASE_STRIP = YES;
				ENABLE_NS_ASSERTIONS = NO;
				ENABLE_STRICT_OBJC_MSGSEND = YES;
				GCC_C_LANGUAGE_STANDARD = gnu99;
				GCC_WARN_64_TO_32_BIT_CONVERSION = YES;
				GCC_WARN_ABOUT_RETURN_TYPE = YES_ERROR;
				GCC_WARN_UNDECLARED_SELECTOR = YES;
				GCC_WARN_UNINITIALIZED_AUTOS = YES_AGGRESSIVE;
				GCC_WARN_UNUSED_FUNCTION = YES;
				GCC_WARN_UNUSED_VARIABLE = YES;
				IPHONEOS_DEPLOYMENT_TARGET = 8.0;
				METAL_ENABLE_DEBUG_INFO = NO;
				SDKROOT = iphoneos;
				TARGETED_DEVICE_FAMILY = "1,2";
				VALIDATE_PRODUCT = YES;
			};
			name = Release;
		};
		8D693A00195A018A00A8D080 /* Debug */ = {
			isa = XCBuildConfiguration;
			buildSettings = {
				ASSETCATALOG_COMPILER_APPICON_NAME = AppIcon;
				ASSETCATALOG_COMPILER_LAUNCHIMAGE_NAME = LaunchImage;
				INFOPLIST_FILE = "DTZoomableView Sample/Info.plist";
				IPHONEOS_DEPLOYMENT_TARGET = 7.0;
				LD_RUNPATH_SEARCH_PATHS = "$(inherited) @executable_path/Frameworks";
				PRODUCT_NAME = "$(TARGET_NAME)";
			};
			name = Debug;
		};
		8D693A01195A018A00A8D080 /* Release */ = {
			isa = XCBuildConfiguration;
			buildSettings = {
				ASSETCATALOG_COMPILER_APPICON_NAME = AppIcon;
				ASSETCATALOG_COMPILER_LAUNCHIMAGE_NAME = LaunchImage;
				INFOPLIST_FILE = "DTZoomableView Sample/Info.plist";
				IPHONEOS_DEPLOYMENT_TARGET = 7.0;
				LD_RUNPATH_SEARCH_PATHS = "$(inherited) @executable_path/Frameworks";
				PRODUCT_NAME = "$(TARGET_NAME)";
			};
			name = Release;
		};
		8D693A03195A018A00A8D080 /* Debug */ = {
			isa = XCBuildConfiguration;
			buildSettings = {
				BUNDLE_LOADER = "$(BUILT_PRODUCTS_DIR)/DTZoomableView Sample.app/DTZoomableView Sample";
				FRAMEWORK_SEARCH_PATHS = (
					"$(SDKROOT)/Developer/Library/Frameworks",
					"$(inherited)",
				);
				GCC_PREPROCESSOR_DEFINITIONS = (
					"DEBUG=1",
					"$(inherited)",
				);
				INFOPLIST_FILE = "DTZoomableView SampleTests/Info.plist";
				LD_RUNPATH_SEARCH_PATHS = "$(inherited) @executable_path/Frameworks @loader_path/Frameworks";
				METAL_ENABLE_DEBUG_INFO = YES;
				PRODUCT_NAME = "$(TARGET_NAME)";
				TEST_HOST = "$(BUNDLE_LOADER)";
			};
			name = Debug;
		};
		8D693A04195A018A00A8D080 /* Release */ = {
			isa = XCBuildConfiguration;
			buildSettings = {
				BUNDLE_LOADER = "$(BUILT_PRODUCTS_DIR)/DTZoomableView Sample.app/DTZoomableView Sample";
				FRAMEWORK_SEARCH_PATHS = (
					"$(SDKROOT)/Developer/Library/Frameworks",
					"$(inherited)",
				);
				INFOPLIST_FILE = "DTZoomableView SampleTests/Info.plist";
				LD_RUNPATH_SEARCH_PATHS = "$(inherited) @executable_path/Frameworks @loader_path/Frameworks";
				METAL_ENABLE_DEBUG_INFO = NO;
				PRODUCT_NAME = "$(TARGET_NAME)";
				TEST_HOST = "$(BUNDLE_LOADER)";
			};
			name = Release;
		};
/* End XCBuildConfiguration section */

/* Begin XCConfigurationList section */
		8D6939DE195A018A00A8D080 /* Build configuration list for PBXProject "DTZoomableView Sample" */ = {
			isa = XCConfigurationList;
			buildConfigurations = (
				8D6939FD195A018A00A8D080 /* Debug */,
				8D6939FE195A018A00A8D080 /* Release */,
			);
			defaultConfigurationIsVisible = 0;
			defaultConfigurationName = Release;
		};
		8D6939FF195A018A00A8D080 /* Build configuration list for PBXNativeTarget "DTZoomableView Sample" */ = {
			isa = XCConfigurationList;
			buildConfigurations = (
				8D693A00195A018A00A8D080 /* Debug */,
				8D693A01195A018A00A8D080 /* Release */,
			);
			defaultConfigurationIsVisible = 0;
		};
		8D693A02195A018A00A8D080 /* Build configuration list for PBXNativeTarget "DTZoomableView SampleTests" */ = {
			isa = XCConfigurationList;
			buildConfigurations = (
				8D693A03195A018A00A8D080 /* Debug */,
				8D693A04195A018A00A8D080 /* Release */,
			);
			defaultConfigurationIsVisible = 0;
		};
/* End XCConfigurationList section */
	};
	rootObject = 8D6939DB195A018A00A8D080 /* Project object */;
}
